
Microsoft Visual Studio Solution File, Format Version 12.00
# Visual Studio Version 17
VisualStudioVersion = 17.9.34622.214
MinimumVisualStudioVersion = 10.0.40219.1
Project("{FAE04EC0-301F-11D3-BF4B-00C04F79EFBC}") = "WebApp", "WebApp\WebApp.csproj", "{78445297-F51C-4BA4-BE9C-B66274531650}"
EndProject
Global
	GlobalSection(SolutionConfigurationPlatforms) = preSolution
		Debug|Any CPU = Debug|Any CPU
		Release|Any CPU = Release|Any CPU
	EndGlobalSection
	GlobalSection(ProjectConfigurationPlatforms) = postSolution
		{78445297-F51C-4BA4-BE9C-B66274531650}.Debug|Any CPU.ActiveCfg = Debug|Any CPU
		{78445297-F51C-4BA4-BE9C-B66274531650}.Debug|Any CPU.Build.0 = Debug|Any CPU
		{78445297-F51C-4BA4-BE9C-B66274531650}.Release|Any CPU.ActiveCfg = Release|Any CPU
		{78445297-F51C-4BA4-BE9C-B66274531650}.Release|Any CPU.Build.0 = Release|Any CPU
	EndGlobalSection
	GlobalSection(SolutionProperties) = preSolution
		HideSolutionNode = FALSE
	EndGlobalSection
	GlobalSection(ExtensibilityGlobals) = postSolution
		SolutionGuid = {DD73AD54-0F2B-4704-85A8-877E3BAA9351}
	EndGlobalSection
EndGlobal
